// !$*UTF8*$!
{
	archiveVersion = 1;
	classes = {
	};
	objectVersion = 55;
	objects = {

/* Begin PBXBuildFile section */
		0412E8C5278AB03700552672 /* Chat_BoutApp.swift in Sources */ = {isa = PBXBuildFile; fileRef = 0412E8C4278AB03700552672 /* Chat_BoutApp.swift */; };
		0412E8C7278AB03700552672 /* ContentView.swift in Sources */ = {isa = PBXBuildFile; fileRef = 0412E8C6278AB03700552672 /* ContentView.swift */; };
		0412E8C9278AB03B00552672 /* Assets.xcassets in Resources */ = {isa = PBXBuildFile; fileRef = 0412E8C8278AB03B00552672 /* Assets.xcassets */; };
		0412E8CC278AB03B00552672 /* Preview Assets.xcassets in Resources */ = {isa = PBXBuildFile; fileRef = 0412E8CB278AB03B00552672 /* Preview Assets.xcassets */; };
		0412E8D4278AB21D00552672 /* ChatRow.swift in Sources */ = {isa = PBXBuildFile; fileRef = 0412E8D3278AB21D00552672 /* ChatRow.swift */; };
		0412E8D7278AB6D800552672 /* ChatModel.swift in Sources */ = {isa = PBXBuildFile; fileRef = 0412E8D6278AB6D700552672 /* ChatModel.swift */; };
		0412E8D9278B20F000552672 /* Date+Helpers.swift in Sources */ = {isa = PBXBuildFile; fileRef = 0412E8D8278B20F000552672 /* Date+Helpers.swift */; };
		0412E8DD278B27D200552672 /* ChatsViewModel.swift in Sources */ = {isa = PBXBuildFile; fileRef = 0412E8DC278B27D200552672 /* ChatsViewModel.swift */; };
		0412E8DF278B2BCB00552672 /* ChatView.swift in Sources */ = {isa = PBXBuildFile; fileRef = 0412E8DE278B2BCA00552672 /* ChatView.swift */; };
/* End PBXBuildFile section */

/* Begin PBXFileReference section */
		0412E8C1278AB03700552672 /* Chat Bout.app */ = {isa = PBXFileReference; explicitFileType = wrapper.application; includeInIndex = 0; path = "Chat Bout.app"; sourceTree = BUILT_PRODUCTS_DIR; };
		0412E8C4278AB03700552672 /* Chat_BoutApp.swift */ = {isa = PBXFileReference; lastKnownFileType = sourcecode.swift; path = Chat_BoutApp.swift; sourceTree = "<group>"; };
		0412E8C6278AB03700552672 /* ContentView.swift */ = {isa = PBXFileReference; lastKnownFileType = sourcecode.swift; path = ContentView.swift; sourceTree = "<group>"; };
		0412E8C8278AB03B00552672 /* Assets.xcassets */ = {isa = PBXFileReference; lastKnownFileType = folder.assetcatalog; path = Assets.xcassets; sourceTree = "<group>"; };
		0412E8CB278AB03B00552672 /* Preview Assets.xcassets */ = {isa = PBXFileReference; lastKnownFileType = folder.assetcatalog; path = "Preview Assets.xcassets"; sourceTree = "<group>"; };
		0412E8D3278AB21D00552672 /* ChatRow.swift */ = {isa = PBXFileReference; lastKnownFileType = sourcecode.swift; path = ChatRow.swift; sourceTree = "<group>"; };
		0412E8D6278AB6D700552672 /* ChatModel.swift */ = {isa = PBXFileReference; lastKnownFileType = sourcecode.swift; path = ChatModel.swift; sourceTree = "<group>"; };
		0412E8D8278B20F000552672 /* Date+Helpers.swift */ = {isa = PBXFileReference; lastKnownFileType = sourcecode.swift; path = "Date+Helpers.swift"; sourceTree = "<group>"; };
		0412E8DC278B27D200552672 /* ChatsViewModel.swift */ = {isa = PBXFileReference; lastKnownFileType = sourcecode.swift; path = ChatsViewModel.swift; sourceTree = "<group>"; };
		0412E8DE278B2BCA00552672 /* ChatView.swift */ = {isa = PBXFileReference; lastKnownFileType = sourcecode.swift; path = ChatView.swift; sourceTree = "<group>"; };
/* End PBXFileReference section */

/* Begin PBXFrameworksBuildPhase section */
		0412E8BE278AB03700552672 /* Frameworks */ = {
			isa = PBXFrameworksBuildPhase;
			buildActionMask = 2147483647;
			files = (
			);
			runOnlyForDeploymentPostprocessing = 0;
		};
/* End PBXFrameworksBuildPhase section */

/* Begin PBXGroup section */
		0412E8B8278AB03700552672 = {
			isa = PBXGroup;
			children = (
				0412E8C3278AB03700552672 /* Chat Bout */,
				0412E8C2278AB03700552672 /* Products */,
			);
			sourceTree = "<group>";
		};
		0412E8C2278AB03700552672 /* Products */ = {
			isa = PBXGroup;
			children = (
				0412E8C1278AB03700552672 /* Chat Bout.app */,
			);
			name = Products;
			sourceTree = "<group>";
		};
		0412E8C3278AB03700552672 /* Chat Bout */ = {
			isa = PBXGroup;
			children = (
				0412E8DB278B27AB00552672 /* ViewModels */,
				0412E8DA278B279C00552672 /* Views */,
				0412E8D5278AB6C400552672 /* Model */,
				0412E8D2278AB20400552672 /* Components */,
				0412E8C4278AB03700552672 /* Chat_BoutApp.swift */,
				0412E8C8278AB03B00552672 /* Assets.xcassets */,
				0412E8CA278AB03B00552672 /* Preview Content */,
			);
			path = "Chat Bout";
			sourceTree = "<group>";
		};
		0412E8CA278AB03B00552672 /* Preview Content */ = {
			isa = PBXGroup;
			children = (
				0412E8CB278AB03B00552672 /* Preview Assets.xcassets */,
			);
			path = "Preview Content";
			sourceTree = "<group>";
		};
		0412E8D2278AB20400552672 /* Components */ = {
			isa = PBXGroup;
			children = (
				0412E8D3278AB21D00552672 /* ChatRow.swift */,
			);
			path = Components;
			sourceTree = "<group>";
		};
		0412E8D5278AB6C400552672 /* Model */ = {
			isa = PBXGroup;
			children = (
				0412E8D6278AB6D700552672 /* ChatModel.swift */,
				0412E8D8278B20F000552672 /* Date+Helpers.swift */,
			);
			path = Model;
			sourceTree = "<group>";
		};
		0412E8DA278B279C00552672 /* Views */ = {
			isa = PBXGroup;
			children = (
				0412E8C6278AB03700552672 /* ContentView.swift */,
				0412E8DE278B2BCA00552672 /* ChatView.swift */,
			);
			path = Views;
			sourceTree = "<group>";
		};
		0412E8DB278B27AB00552672 /* ViewModels */ = {
			isa = PBXGroup;
			children = (
				0412E8DC278B27D200552672 /* ChatsViewModel.swift */,
			);
			path = ViewModels;
			sourceTree = "<group>";
		};
/* End PBXGroup section */

/* Begin PBXNativeTarget section */
		0412E8C0278AB03700552672 /* Chat Bout */ = {
			isa = PBXNativeTarget;
			buildConfigurationList = 0412E8CF278AB03B00552672 /* Build configuration list for PBXNativeTarget "Chat Bout" */;
			buildPhases = (
				0412E8BD278AB03700552672 /* Sources */,
				0412E8BE278AB03700552672 /* Frameworks */,
				0412E8BF278AB03700552672 /* Resources */,
			);
			buildRules = (
			);
			dependencies = (
			);
			name = "Chat Bout";
			productName = "Chat Bout";
			productReference = 0412E8C1278AB03700552672 /* Chat Bout.app */;
			productType = "com.apple.product-type.application";
		};
/* End PBXNativeTarget section */

/* Begin PBXProject section */
		0412E8B9278AB03700552672 /* Project object */ = {
			isa = PBXProject;
			attributes = {
				BuildIndependentTargetsInParallel = 1;
				LastSwiftUpdateCheck = 1320;
				LastUpgradeCheck = 1320;
				TargetAttributes = {
					0412E8C0278AB03700552672 = {
						CreatedOnToolsVersion = 13.2.1;
					};
				};
			};
			buildConfigurationList = 0412E8BC278AB03700552672 /* Build configuration list for PBXProject "Chat Bout" */;
			compatibilityVersion = "Xcode 13.0";
			developmentRegion = en;
			hasScannedForEncodings = 0;
			knownRegions = (
				en,
				Base,
			);
			mainGroup = 0412E8B8278AB03700552672;
			productRefGroup = 0412E8C2278AB03700552672 /* Products */;
			projectDirPath = "";
			projectRoot = "";
			targets = (
				0412E8C0278AB03700552672 /* Chat Bout */,
			);
		};
/* End PBXProject section */

/* Begin PBXResourcesBuildPhase section */
		0412E8BF278AB03700552672 /* Resources */ = {
			isa = PBXResourcesBuildPhase;
			buildActionMask = 2147483647;
			files = (
				0412E8CC278AB03B00552672 /* Preview Assets.xcassets in Resources */,
				0412E8C9278AB03B00552672 /* Assets.xcassets in Resources */,
			);
			runOnlyForDeploymentPostprocessing = 0;
		};
/* End PBXResourcesBuildPhase section */

/* Begin PBXSourcesBuildPhase section */
		0412E8BD278AB03700552672 /* Sources */ = {
			isa = PBXSourcesBuildPhase;
			buildActionMask = 2147483647;
			files = (
				0412E8DD278B27D200552672 /* ChatsViewModel.swift in Sources */,
				0412E8C7278AB03700552672 /* ContentView.swift in Sources */,
				0412E8D4278AB21D00552672 /* ChatRow.swift in Sources */,
				0412E8C5278AB03700552672 /* Chat_BoutApp.swift in Sources */,
				0412E8DF278B2BCB00552672 /* ChatView.swift in Sources */,
				0412E8D7278AB6D800552672 /* ChatModel.swift in Sources */,
				0412E8D9278B20F000552672 /* Date+Helpers.swift in Sources */,
			);
			runOnlyForDeploymentPostprocessing = 0;
		};
/* End PBXSourcesBuildPhase section */

/* Begin XCBuildConfiguration section */
		0412E8CD278AB03B00552672 /* Debug */ = {
			isa = XCBuildConfiguration;
			buildSettings = {
				ALWAYS_SEARCH_USER_PATHS = NO;
				CLANG_ANALYZER_NONNULL = YES;
				CLANG_ANALYZER_NUMBER_OBJECT_CONVERSION = YES_AGGRESSIVE;
				CLANG_CXX_LANGUAGE_STANDARD = "gnu++17";
				CLANG_CXX_LIBRARY = "libc++";
				CLANG_ENABLE_MODULES = YES;
				CLANG_ENABLE_OBJC_ARC = YES;
				CLANG_ENABLE_OBJC_WEAK = YES;
				CLANG_WARN_BLOCK_CAPTURE_AUTORELEASING = YES;
				CLANG_WARN_BOOL_CONVERSION = YES;
				CLANG_WARN_COMMA = YES;
				CLANG_WARN_CONSTANT_CONVERSION = YES;
				CLANG_WARN_DEPRECATED_OBJC_IMPLEMENTATIONS = YES;
				CLANG_WARN_DIRECT_OBJC_ISA_USAGE = YES_ERROR;
				CLANG_WARN_DOCUMENTATION_COMMENTS = YES;
				CLANG_WARN_EMPTY_BODY = YES;
				CLANG_WARN_ENUM_CONVERSION = YES;
				CLANG_WARN_INFINITE_RECURSION = YES;
				CLANG_WARN_INT_CONVERSION = YES;
				CLANG_WARN_NON_LITERAL_NULL_CONVERSION = YES;
				CLANG_WARN_OBJC_IMPLICIT_RETAIN_SELF = YES;
				CLANG_WARN_OBJC_LITERAL_CONVERSION = YES;
				CLANG_WARN_OBJC_ROOT_CLASS = YES_ERROR;
				CLANG_WARN_QUOTED_INCLUDE_IN_FRAMEWORK_HEADER = YES;
				CLANG_WARN_RANGE_LOOP_ANALYSIS = YES;
				CLANG_WARN_STRICT_PROTOTYPES = YES;
				CLANG_WARN_SUSPICIOUS_MOVE = YES;
				CLANG_WARN_UNGUARDED_AVAILABILITY = YES_AGGRESSIVE;
				CLANG_WARN_UNREACHABLE_CODE = YES;
				CLANG_WARN__DUPLICATE_METHOD_MATCH = YES;
				COPY_PHASE_STRIP = NO;
				DEBUG_INFORMATION_FORMAT = dwarf;
				ENABLE_STRICT_OBJC_MSGSEND = YES;
				ENABLE_TESTABILITY = YES;
				GCC_C_LANGUAGE_STANDARD = gnu11;
				GCC_DYNAMIC_NO_PIC = NO;
				GCC_NO_COMMON_BLOCKS = YES;
				GCC_OPTIMIZATION_LEVEL = 0;
				GCC_PREPROCESSOR_DEFINITIONS = (
					"DEBUG=1",
					"$(inherited)",
				);
				GCC_WARN_64_TO_32_BIT_CONVERSION = YES;
				GCC_WARN_ABOUT_RETURN_TYPE = YES_ERROR;
				GCC_WARN_UNDECLARED_SELECTOR = YES;
				GCC_WARN_UNINITIALIZED_AUTOS = YES_AGGRESSIVE;
				GCC_WARN_UNUSED_FUNCTION = YES;
				GCC_WARN_UNUSED_VARIABLE = YES;
				IPHONEOS_DEPLOYMENT_TARGET = 15.2;
				MTL_ENABLE_DEBUG_INFO = INCLUDE_SOURCE;
				MTL_FAST_MATH = YES;
				ONLY_ACTIVE_ARCH = YES;
				SDKROOT = iphoneos;
				SWIFT_ACTIVE_COMPILATION_CONDITIONS = DEBUG;
				SWIFT_OPTIMIZATION_LEVEL = "-Onone";
			};
			name = Debug;
		};
		0412E8CE278AB03B00552672 /* Release */ = {
			isa = XCBuildConfiguration;
			buildSettings = {
				ALWAYS_SEARCH_USER_PATHS = NO;
				CLANG_ANALYZER_NONNULL = YES;
				CLANG_ANALYZER_NUMBER_OBJECT_CONVERSION = YES_AGGRESSIVE;
				CLANG_CXX_LANGUAGE_STANDARD = "gnu++17";
				CLANG_CXX_LIBRARY = "libc++";
				CLANG_ENABLE_MODULES = YES;
				CLANG_ENABLE_OBJC_ARC = YES;
				CLANG_ENABLE_OBJC_WEAK = YES;
				CLANG_WARN_BLOCK_CAPTURE_AUTORELEASING = YES;
				CLANG_WARN_BOOL_CONVERSION = YES;
				CLANG_WARN_COMMA = YES;
				CLANG_WARN_CONSTANT_CONVERSION = YES;
				CLANG_WARN_DEPRECATED_OBJC_IMPLEMENTATIONS = YES;
				CLANG_WARN_DIRECT_OBJC_ISA_USAGE = YES_ERROR;
				CLANG_WARN_DOCUMENTATION_COMMENTS = YES;
				CLANG_WARN_EMPTY_BODY = YES;
				CLANG_WARN_ENUM_CONVERSION = YES;
				CLANG_WARN_INFINITE_RECURSION = YES;
				CLANG_WARN_INT_CONVERSION = YES;
				CLANG_WARN_NON_LITERAL_NULL_CONVERSION = YES;
				CLANG_WARN_OBJC_IMPLICIT_RETAIN_SELF = YES;
				CLANG_WARN_OBJC_LITERAL_CONVERSION = YES;
				CLANG_WARN_OBJC_ROOT_CLASS = YES_ERROR;
				CLANG_WARN_QUOTED_INCLUDE_IN_FRAMEWORK_HEADER = YES;
				CLANG_WARN_RANGE_LOOP_ANALYSIS = YES;
				CLANG_WARN_STRICT_PROTOTYPES = YES;
				CLANG_WARN_SUSPICIOUS_MOVE = YES;
				CLANG_WARN_UNGUARDED_AVAILABILITY = YES_AGGRESSIVE;
				CLANG_WARN_UNREACHABLE_CODE = YES;
				CLANG_WARN__DUPLICATE_METHOD_MATCH = YES;
				COPY_PHASE_STRIP = NO;
				DEBUG_INFORMATION_FORMAT = "dwarf-with-dsym";
				ENABLE_NS_ASSERTIONS = NO;
				ENABLE_STRICT_OBJC_MSGSEND = YES;
				GCC_C_LANGUAGE_STANDARD = gnu11;
				GCC_NO_COMMON_BLOCKS = YES;
				GCC_WARN_64_TO_32_BIT_CONVERSION = YES;
				GCC_WARN_ABOUT_RETURN_TYPE = YES_ERROR;
				GCC_WARN_UNDECLARED_SELECTOR = YES;
				GCC_WARN_UNINITIALIZED_AUTOS = YES_AGGRESSIVE;
				GCC_WARN_UNUSED_FUNCTION = YES;
				GCC_WARN_UNUSED_VARIABLE = YES;
				IPHONEOS_DEPLOYMENT_TARGET = 15.2;
				MTL_ENABLE_DEBUG_INFO = NO;
				MTL_FAST_MATH = YES;
				SDKROOT = iphoneos;
				SWIFT_COMPILATION_MODE = wholemodule;
				SWIFT_OPTIMIZATION_LEVEL = "-O";
				VALIDATE_PRODUCT = YES;
			};
			name = Release;
		};
		0412E8D0278AB03B00552672 /* Debug */ = {
			isa = XCBuildConfiguration;
			buildSettings = {
				ASSETCATALOG_COMPILER_APPICON_NAME = AppIcon;
				ASSETCATALOG_COMPILER_GLOBAL_ACCENT_COLOR_NAME = AccentColor;
				CODE_SIGN_STYLE = Automatic;
				CURRENT_PROJECT_VERSION = 1;
				DEVELOPMENT_ASSET_PATHS = "\"Chat Bout/Preview Content\"";
				DEVELOPMENT_TEAM = NVBAMR8VDL;
				ENABLE_PREVIEWS = YES;
				GENERATE_INFOPLIST_FILE = YES;
				INFOPLIST_KEY_UIApplicationSceneManifest_Generation = YES;
				INFOPLIST_KEY_UIApplicationSupportsIndirectInputEvents = YES;
				INFOPLIST_KEY_UILaunchScreen_Generation = YES;
				INFOPLIST_KEY_UISupportedInterfaceOrientations_iPad = "UIInterfaceOrientationPortrait UIInterfaceOrientationPortraitUpsideDown UIInterfaceOrientationLandscapeLeft UIInterfaceOrientationLandscapeRight";
				INFOPLIST_KEY_UISupportedInterfaceOrientations_iPhone = "UIInterfaceOrientationPortrait UIInterfaceOrientationLandscapeLeft UIInterfaceOrientationLandscapeRight";
				LD_RUNPATH_SEARCH_PATHS = (
					"$(inherited)",
					"@executable_path/Frameworks",
				);
				MARKETING_VERSION = 1.0;
				PRODUCT_BUNDLE_IDENTIFIER = "com.5fourlab.Chat-Bout";
				PRODUCT_NAME = "$(TARGET_NAME)";
				SWIFT_EMIT_LOC_STRINGS = YES;
				SWIFT_VERSION = 5.0;
				TARGETED_DEVICE_FAMILY = "1,2";
			};
			name = Debug;
		};
		0412E8D1278AB03B00552672 /* Release */ = {
			isa = XCBuildConfiguration;
			buildSettings = {
				ASSETCATALOG_COMPILER_APPICON_NAME = AppIcon;
				ASSETCATALOG_COMPILER_GLOBAL_ACCENT_COLOR_NAME = AccentColor;
				CODE_SIGN_STYLE = Automatic;
				CURRENT_PROJECT_VERSION = 1;
				DEVELOPMENT_ASSET_PATHS = "\"Chat Bout/Preview Content\"";
				DEVELOPMENT_TEAM = NVBAMR8VDL;
				ENABLE_PREVIEWS = YES;
				GENERATE_INFOPLIST_FILE = YES;
				INFOPLIST_KEY_UIApplicationSceneManifest_Generation = YES;
				INFOPLIST_KEY_UIApplicationSupportsIndirectInputEvents = YES;
				INFOPLIST_KEY_UILaunchScreen_Generation = YES;
				INFOPLIST_KEY_UISupportedInterfaceOrientations_iPad = "UIInterfaceOrientationPortrait UIInterfaceOrientationPortraitUpsideDown UIInterfaceOrientationLandscapeLeft UIInterfaceOrientationLandscapeRight";
				INFOPLIST_KEY_UISupportedInterfaceOrientations_iPhone = "UIInterfaceOrientationPortrait UIInterfaceOrientationLandscapeLeft UIInterfaceOrientationLandscapeRight";
				LD_RUNPATH_SEARCH_PATHS = (
					"$(inherited)",
					"@executable_path/Frameworks",
				);
				MARKETING_VERSION = 1.0;
				PRODUCT_BUNDLE_IDENTIFIER = "com.5fourlab.Chat-Bout";
				PRODUCT_NAME = "$(TARGET_NAME)";
				SWIFT_EMIT_LOC_STRINGS = YES;
				SWIFT_VERSION = 5.0;
				TARGETED_DEVICE_FAMILY = "1,2";
			};
			name = Release;
		};
/* End XCBuildConfiguration section */

/* Begin XCConfigurationList section */
		0412E8BC278AB03700552672 /* Build configuration list for PBXProject "Chat Bout" */ = {
			isa = XCConfigurationList;
			buildConfigurations = (
				0412E8CD278AB03B00552672 /* Debug */,
				0412E8CE278AB03B00552672 /* Release */,
			);
			defaultConfigurationIsVisible = 0;
			defaultConfigurationName = Release;
		};
		0412E8CF278AB03B00552672 /* Build configuration list for PBXNativeTarget "Chat Bout" */ = {
			isa = XCConfigurationList;
			buildConfigurations = (
				0412E8D0278AB03B00552672 /* Debug */,
				0412E8D1278AB03B00552672 /* Release */,
			);
			defaultConfigurationIsVisible = 0;
			defaultConfigurationName = Release;
		};
/* End XCConfigurationList section */
	};
	rootObject = 0412E8B9278AB03700552672 /* Project object */;
}
